
Microsoft Visual Studio Solution File, Format Version 11.00
# Visual Studio 2010
Project("{FAE04EC0-301F-11D3-BF4B-00C04F79EFBC}") = "NET-Facebook-GraphAPI-SDK", "NET-Facebook-GraphAPI-SDK\NET-Facebook-GraphAPI-SDK.csproj", "{33350999-7C40-4071-B2E5-5A03D283A37D}"
EndProject
Project("{2150E333-8FDC-42A3-9474-1A3956D46DE8}") = "Samples", "Samples", "{3B90DAED-F217-450B-8808-8A99B3254DAF}"
EndProject
Project("{FAE04EC0-301F-11D3-BF4B-00C04F79EFBC}") = "MVCSample", "MVCSample\MVCSample.csproj", "{40EA9A17-32BC-42C2-9128-1B8E68D3E4E6}"
EndProject
Global
	GlobalSection(SolutionConfigurationPlatforms) = preSolution
		Debug|Any CPU = Debug|Any CPU
		Release|Any CPU = Release|Any CPU
	EndGlobalSection
	GlobalSection(ProjectConfigurationPlatforms) = postSolution
		{33350999-7C40-4071-B2E5-5A03D283A37D}.Debug|Any CPU.ActiveCfg = Debug|Any CPU
		{33350999-7C40-4071-B2E5-5A03D283A37D}.Debug|Any CPU.Build.0 = Debug|Any CPU
		{33350999-7C40-4071-B2E5-5A03D283A37D}.Release|Any CPU.ActiveCfg = Release|Any CPU
		{33350999-7C40-4071-B2E5-5A03D283A37D}.Release|Any CPU.Build.0 = Release|Any CPU
		{40EA9A17-32BC-42C2-9128-1B8E68D3E4E6}.Debug|Any CPU.ActiveCfg = Debug|Any CPU
		{40EA9A17-32BC-42C2-9128-1B8E68D3E4E6}.Debug|Any CPU.Build.0 = Debug|Any CPU
		{40EA9A17-32BC-42C2-9128-1B8E68D3E4E6}.Release|Any CPU.ActiveCfg = Release|Any CPU
		{40EA9A17-32BC-42C2-9128-1B8E68D3E4E6}.Release|Any CPU.Build.0 = Release|Any CPU
	EndGlobalSection
	GlobalSection(SolutionProperties) = preSolution
		HideSolutionNode = FALSE
	EndGlobalSection
	GlobalSection(NestedProjects) = preSolution
		{40EA9A17-32BC-42C2-9128-1B8E68D3E4E6} = {3B90DAED-F217-450B-8808-8A99B3254DAF}
	EndGlobalSection
EndGlobal
